
Microsoft Visual Studio Solution File, Format Version 12.00
# Visual Studio 14
VisualStudioVersion = 14.0.25420.1
MinimumVisualStudioVersion = 10.0.40219.1
Project("{FAE04EC0-301F-11D3-BF4B-00C04F79EFBC}") = "01HelloWorld", "01HelloWorld\01HelloWorld.csproj", "{8C325AA5-C138-443F-906B-BA4B5DC336D8}"
EndProject
Project("{FAE04EC0-301F-11D3-BF4B-00C04F79EFBC}") = "02Titabel", "01Titabel\02Titabel.csproj", "{BEDA8280-5FAA-47E0-8F25-DC0814BA6C67}"
EndProject
Project("{FAE04EC0-301F-11D3-BF4B-00C04F79EFBC}") = "08Polymorfi", "08Polymorfi\08Polymorfi.csproj", "{9B89A8B1-95B4-4FC9-B27D-49D795739025}"
EndProject
Project("{FAE04EC0-301F-11D3-BF4B-00C04F79EFBC}") = "09Dyr", "09Dyr\09Dyr.csproj", "{5EF5525A-0774-4A6E-9CB4-BF495980A00B}"
EndProject
Project("{FAE04EC0-301F-11D3-BF4B-00C04F79EFBC}") = "07Arv", "07Arv\07Arv.csproj", "{D25652BC-44C3-46C1-9465-27BCFAF3DBB8}"
EndProject
Project("{FAE04EC0-301F-11D3-BF4B-00C04F79EFBC}") = "06Egenskaber2", "06Egenskaber2\06Egenskaber2.csproj", "{6ECED959-C6B4-4E11-9029-F1227C9E68DB}"
EndProject
Project("{FAE04EC0-301F-11D3-BF4B-00C04F79EFBC}") = "10SimpleExceptions", "10SimpleExceptions\10SimpleExceptions.csproj", "{025EA194-EA8E-47A0-BE9A-CD1E38A42BAC}"
EndProject
Project("{FAE04EC0-301F-11D3-BF4B-00C04F79EFBC}") = "11NLog", "NLog\11NLog.csproj", "{5F31D1BF-A050-4082-80D1-D06CE8F5600A}"
EndProject
Global
	GlobalSection(SolutionConfigurationPlatforms) = preSolution
		Debug|Any CPU = Debug|Any CPU
		Release|Any CPU = Release|Any CPU
	EndGlobalSection
	GlobalSection(ProjectConfigurationPlatforms) = postSolution
		{8C325AA5-C138-443F-906B-BA4B5DC336D8}.Debug|Any CPU.ActiveCfg = Debug|Any CPU
		{8C325AA5-C138-443F-906B-BA4B5DC336D8}.Debug|Any CPU.Build.0 = Debug|Any CPU
		{8C325AA5-C138-443F-906B-BA4B5DC336D8}.Release|Any CPU.ActiveCfg = Release|Any CPU
		{8C325AA5-C138-443F-906B-BA4B5DC336D8}.Release|Any CPU.Build.0 = Release|Any CPU
		{BEDA8280-5FAA-47E0-8F25-DC0814BA6C67}.Debug|Any CPU.ActiveCfg = Debug|Any CPU
		{BEDA8280-5FAA-47E0-8F25-DC0814BA6C67}.Debug|Any CPU.Build.0 = Debug|Any CPU
		{BEDA8280-5FAA-47E0-8F25-DC0814BA6C67}.Release|Any CPU.ActiveCfg = Release|Any CPU
		{BEDA8280-5FAA-47E0-8F25-DC0814BA6C67}.Release|Any CPU.Build.0 = Release|Any CPU
		{9B89A8B1-95B4-4FC9-B27D-49D795739025}.Debug|Any CPU.ActiveCfg = Debug|Any CPU
		{9B89A8B1-95B4-4FC9-B27D-49D795739025}.Debug|Any CPU.Build.0 = Debug|Any CPU
		{9B89A8B1-95B4-4FC9-B27D-49D795739025}.Release|Any CPU.ActiveCfg = Release|Any CPU
		{9B89A8B1-95B4-4FC9-B27D-49D795739025}.Release|Any CPU.Build.0 = Release|Any CPU
		{5EF5525A-0774-4A6E-9CB4-BF495980A00B}.Debug|Any CPU.ActiveCfg = Debug|Any CPU
		{5EF5525A-0774-4A6E-9CB4-BF495980A00B}.Debug|Any CPU.Build.0 = Debug|Any CPU
		{5EF5525A-0774-4A6E-9CB4-BF495980A00B}.Release|Any CPU.ActiveCfg = Release|Any CPU
		{5EF5525A-0774-4A6E-9CB4-BF495980A00B}.Release|Any CPU.Build.0 = Release|Any CPU
		{D25652BC-44C3-46C1-9465-27BCFAF3DBB8}.Debug|Any CPU.ActiveCfg = Debug|Any CPU
		{D25652BC-44C3-46C1-9465-27BCFAF3DBB8}.Debug|Any CPU.Build.0 = Debug|Any CPU
		{D25652BC-44C3-46C1-9465-27BCFAF3DBB8}.Release|Any CPU.ActiveCfg = Release|Any CPU
		{D25652BC-44C3-46C1-9465-27BCFAF3DBB8}.Release|Any CPU.Build.0 = Release|Any CPU
		{6ECED959-C6B4-4E11-9029-F1227C9E68DB}.Debug|Any CPU.ActiveCfg = Debug|Any CPU
		{6ECED959-C6B4-4E11-9029-F1227C9E68DB}.Debug|Any CPU.Build.0 = Debug|Any CPU
		{6ECED959-C6B4-4E11-9029-F1227C9E68DB}.Release|Any CPU.ActiveCfg = Release|Any CPU
		{6ECED959-C6B4-4E11-9029-F1227C9E68DB}.Release|Any CPU.Build.0 = Release|Any CPU
		{025EA194-EA8E-47A0-BE9A-CD1E38A42BAC}.Debug|Any CPU.ActiveCfg = Debug|Any CPU
		{025EA194-EA8E-47A0-BE9A-CD1E38A42BAC}.Debug|Any CPU.Build.0 = Debug|Any CPU
		{025EA194-EA8E-47A0-BE9A-CD1E38A42BAC}.Release|Any CPU.ActiveCfg = Release|Any CPU
		{025EA194-EA8E-47A0-BE9A-CD1E38A42BAC}.Release|Any CPU.Build.0 = Release|Any CPU
		{5F31D1BF-A050-4082-80D1-D06CE8F5600A}.Debug|Any CPU.ActiveCfg = Debug|Any CPU
		{5F31D1BF-A050-4082-80D1-D06CE8F5600A}.Debug|Any CPU.Build.0 = Debug|Any CPU
		{5F31D1BF-A050-4082-80D1-D06CE8F5600A}.Release|Any CPU.ActiveCfg = Release|Any CPU
		{5F31D1BF-A050-4082-80D1-D06CE8F5600A}.Release|Any CPU.Build.0 = Release|Any CPU
	EndGlobalSection
	GlobalSection(SolutionProperties) = preSolution
		HideSolutionNode = FALSE
	EndGlobalSection
EndGlobal
